<?xml version="1.0" encoding="utf-8"?>
<Project ToolsVersion="4.0" xmlns="http://schemas.microsoft.com/developer/msbuild/2003">
  <ItemGroup>
    <ClCompile Include="AASHTOConcretePage.cpp">
      <Filter>Source Files</Filter>
    </ClCompile>
    <ClCompile Include="AnalysisOptionsPage.cpp">
      <Filter>Source Files</Filter>
    </ClCompile>
    <ClCompile Include="BearingLayoutGrid.cpp">
      <Filter>Source Files</Filter>
    </ClCompile>
    <ClCompile Include="BearingsPage.cpp">
      <Filter>Source Files</Filter>
    </ClCompile>
    <ClCompile Include="CapacityOptionsPage.cpp">
      <Filter>Source Files</Filter>
    </ClCompile>
    <ClCompile Include="ColumnLayoutGrid.cpp">
      <Filter>Source Files</Filter>
    </ClCompile>
    <ClCompile Include="ConcreteDetailsDlg.cpp">
      <Filter>Source Files</Filter>
    </ClCompile>
    <ClCompile Include="ConcreteGeneralPage.cpp">
      <Filter>Source Files</Filter>
    </ClCompile>
    <ClCompile Include="dllmain.cpp">
      <Filter>Source Files</Filter>
    </ClCompile>
    <ClCompile Include="LiveLoadReactionGrid.cpp">
      <Filter>Source Files</Filter>
    </ClCompile>
    <ClCompile Include="OptionsDlg.cpp">
      <Filter>Source Files</Filter>
    </ClCompile>
    <ClCompile Include="PierDlg.cpp">
      <Filter>Source Files</Filter>
    </ClCompile>
    <ClCompile Include="PierExporter.cpp">
      <Filter>Source Files</Filter>
    </ClCompile>
    <ClCompile Include="PierLayoutPage.cpp">
      <Filter>Source Files</Filter>
    </ClCompile>
    <ClCompile Include="ProjectAgent.cpp">
      <Filter>Source Files</Filter>
    </ClCompile>
    <ClCompile Include="ProjectAgentImp.cpp">
      <Filter>Source Files</Filter>
    </ClCompile>
    <ClCompile Include="ProjectPropertiesDlg.cpp">
      <Filter>Source Files</Filter>
    </ClCompile>
    <ClCompile Include="RatingOptionsPage.cpp">
      <Filter>Source Files</Filter>
    </ClCompile>
    <ClCompile Include="StdAfx.cpp">
      <Filter>Source Files</Filter>
    </ClCompile>
    <ClCompile Include="SuperstructureLayoutPage.cpp">
      <Filter>Source Files</Filter>
    </ClCompile>
    <ClCompile Include="txnEditOptions.cpp">
      <Filter>Source Files</Filter>
    </ClCompile>
    <ClCompile Include="txnEditPier.cpp">
      <Filter>Source Files</Filter>
    </ClCompile>
    <ClCompile Include="txnEditProject.cpp">
      <Filter>Source Files</Filter>
    </ClCompile>
    <ClCompile Include="DesignLiveLoadReactionsPage.cpp">
      <Filter>Source Files</Filter>
    </ClCompile>
    <ClCompile Include="LegalLiveLoadReactionsPage.cpp">
      <Filter>Source Files</Filter>
    </ClCompile>
    <ClCompile Include="PermitLiveLoadReactionsPage.cpp">
      <Filter>Source Files</Filter>
    </ClCompile>
    <ClCompile Include="PierPointGrid.cpp">
      <Filter>Source Files</Filter>
    </ClCompile>
    <ClCompile Include="CommonPierLayoutDlg.cpp">
      <Filter>Source Files</Filter>
    </ClCompile>
  </ItemGroup>
  <ItemGroup>
    <ClInclude Include="AASHTOConcretePage.h">
      <Filter>Header Files</Filter>
    </ClInclude>
    <ClInclude Include="AnalysisOptionsPage.h">
      <Filter>Header Files</Filter>
    </ClInclude>
    <ClInclude Include="BearingLayoutGrid.h">
      <Filter>Header Files</Filter>
    </ClInclude>
    <ClInclude Include="BearingsPage.h">
      <Filter>Header Files</Filter>
    </ClInclude>
    <ClInclude Include="CapacityOptionsPage.h">
      <Filter>Header Files</Filter>
    </ClInclude>
    <ClInclude Include="ColumnLayoutGrid.h">
      <Filter>Header Files</Filter>
    </ClInclude>
    <ClInclude Include="ConcreteDetailsDlg.h">
      <Filter>Header Files</Filter>
    </ClInclude>
    <ClInclude Include="ConcreteGeneralPage.h">
      <Filter>Header Files</Filter>
    </ClInclude>
    <ClInclude Include="CPProjectAgent.h">
      <Filter>Header Files</Filter>
    </ClInclude>
    <ClInclude Include="dllmain.h">
      <Filter>Header Files</Filter>
    </ClInclude>
    <ClInclude Include="LiveLoadReactionGrid.h">
      <Filter>Header Files</Filter>
    </ClInclude>
    <ClInclude Include="OptionsDlg.h">
      <Filter>Header Files</Filter>
    </ClInclude>
    <ClInclude Include="PierDlg.h">
      <Filter>Header Files</Filter>
    </ClInclude>
    <ClInclude Include="PierExporter.h">
      <Filter>Header Files</Filter>
    </ClInclude>
    <ClInclude Include="PierLayoutPage.h">
      <Filter>Header Files</Filter>
    </ClInclude>
    <ClInclude Include="ProjectAgent.h">
      <Filter>Header Files</Filter>
    </ClInclude>
    <ClInclude Include="ProjectAgentImp.h">
      <Filter>Header Files</Filter>
    </ClInclude>
    <ClInclude Include="ProjectPropertiesDlg.h">
      <Filter>Header Files</Filter>
    </ClInclude>
    <ClInclude Include="RatingOptionsPage.h">
      <Filter>Header Files</Filter>
    </ClInclude>
    <ClInclude Include="Resource.h">
      <Filter>Header Files</Filter>
    </ClInclude>
    <ClInclude Include="StdAfx.h">
      <Filter>Header Files</Filter>
    </ClInclude>
    <ClInclude Include="SuperstructureLayoutPage.h">
      <Filter>Header Files</Filter>
    </ClInclude>
    <ClInclude Include="txnEditOptions.h">
      <Filter>Header Files</Filter>
    </ClInclude>
    <ClInclude Include="txnEditPier.h">
      <Filter>Header Files</Filter>
    </ClInclude>
    <ClInclude Include="txnEditProject.h">
      <Filter>Header Files</Filter>
    </ClInclude>
    <ClInclude Include="ProjectAgentCLSID.h">
      <Filter>Header Files</Filter>
    </ClInclude>
    <ClInclude Include="..\Include\IFace\Project.h">
      <Filter>IFace</Filter>
    </ClInclude>
    <ClInclude Include="DesignLiveLoadReactionsPage.h">
      <Filter>Header Files</Filter>
    </ClInclude>
    <ClInclude Include="LegalLiveLoadReactionsPage.h">
      <Filter>Header Files</Filter>
    </ClInclude>
    <ClInclude Include="PermitLiveLoadReactionsPage.h">
      <Filter>Header Files</Filter>
    </ClInclude>
    <ClInclude Include="..\Include\IFace\RatingSpecification.h">
      <Filter>IFace</Filter>
    </ClInclude>
    <ClInclude Include="PierPointGrid.h">
      <Filter>Header Files</Filter>
    </ClInclude>
    <ClInclude Include="CommonPierLayoutDlg.h">
      <Filter>Header Files</Filter>
    </ClInclude>
  </ItemGroup>
  <ItemGroup>
    <Image Include="res\EditOptions.bmp">
      <Filter>Resource Files</Filter>
    </Image>
    <Image Include="res\EditPier.bmp">
      <Filter>Resource Files</Filter>
    </Image>
  </ItemGroup>
  <ItemGroup>
    <None Include="res\Dimensions_Alignment.emf">
      <Filter>Resource Files</Filter>
    </None>
    <None Include="res\Dimensions_Alignment_Continuous.emf">
      <Filter>Resource Files</Filter>
    </None>
    <None Include="res\Dimensions_Alignment_Expansion.emf">
      <Filter>Resource Files</Filter>
    </None>
    <None Include="res\Dimensions_Alignment_Integral.emf">
      <Filter>Resource Files</Filter>
    </None>
    <None Include="res\Dimensions_BridgeLine.emf">
      <Filter>Resource Files</Filter>
    </None>
    <None Include="res\Dimensions_BridgeLine_Continuous.emf">
      <Filter>Resource Files</Filter>
    </None>
    <None Include="res\Dimensions_BridgeLine_Expansion.emf">
      <Filter>Resource Files</Filter>
    </None>
    <None Include="res\Dimensions_BridgeLine_Integral.emf">
      <Filter>Resource Files</Filter>
    </None>
    <None Include="res\PierLayout.emf">
      <Filter>Resource Files</Filter>
    </None>
    <None Include="ProjectAgent.def" />
  </ItemGroup>
  <ItemGroup>
    <Filter Include="Header Files">
      <UniqueIdentifier>{1f787737-0bc6-457c-9549-31827d4c69d3}</UniqueIdentifier>
      <Extensions>h;hpp;hxx;hm;inl</Extensions>
    </Filter>
    <Filter Include="Source Files">
      <UniqueIdentifier>{4b022106-d3fd-4640-806f-027c596186dd}</UniqueIdentifier>
      <Extensions>cpp;c;cxx;rc;def;r;odl;idl;hpj;bat</Extensions>
    </Filter>
    <Filter Include="Resource Files">
      <UniqueIdentifier>{bc8c9536-c8d1-419b-92e5-589a58edc087}</UniqueIdentifier>
      <Extensions>ico;cur;bmp;dlg;rc2;rct;bin;rgs;gif;jpg;jpeg;jpe</Extensions>
    </Filter>
    <Filter Include="IFace">
      <UniqueIdentifier>{e3e29631-3888-4087-bb78-d83074442ea2}</UniqueIdentifier>
    </Filter>
  </ItemGroup>
  <ItemGroup>
    <ResourceCompile Include="ProjectAgent.rc">
      <Filter>Resource Files</Filter>
    </ResourceCompile>
  </ItemGroup>
</Project>