<?xml version="1.0" encoding="utf-8"?>
<Project ToolsVersion="4.0" xmlns="http://schemas.microsoft.com/developer/msbuild/2003">
  <ItemGroup>
    <ClCompile Include="dllmain.cpp">
      <Filter>Source Files</Filter>
    </ClCompile>
    <ClCompile Include="LoadingDetailsChapterBuilder.cpp">
      <Filter>Source Files</Filter>
    </ClCompile>
    <ClCompile Include="LoadRatingChapterBuilder.cpp">
      <Filter>Source Files</Filter>
    </ClCompile>
    <ClCompile Include="LoadRatingDetailsChapterBuilder.cpp">
      <Filter>Source Files</Filter>
    </ClCompile>
    <ClCompile Include="MomentCapacityDetailsChapterBuilder.cpp">
      <Filter>Source Files</Filter>
    </ClCompile>
    <ClCompile Include="PierDescriptionDetailsChapterBuilder.cpp">
      <Filter>Source Files</Filter>
    </ClCompile>
    <ClCompile Include="PierReportDlg.cpp">
      <Filter>Source Files</Filter>
    </ClCompile>
    <ClCompile Include="RatingSummaryTable.cpp">
      <Filter>Source Files</Filter>
    </ClCompile>
    <ClCompile Include="ReportAgent.cpp">
      <Filter>Source Files</Filter>
    </ClCompile>
    <ClCompile Include="ReportAgentImp.cpp">
      <Filter>Source Files</Filter>
    </ClCompile>
    <ClCompile Include="ShearCapacityDetailsChapterBuilder.cpp">
      <Filter>Source Files</Filter>
    </ClCompile>
    <ClCompile Include="StdAfx.cpp">
      <Filter>Source Files</Filter>
    </ClCompile>
    <ClCompile Include="XBeamRateChapterBuilder.cpp">
      <Filter>Source Files</Filter>
    </ClCompile>
    <ClCompile Include="XBeamRateReportBuilder.cpp">
      <Filter>Source Files</Filter>
    </ClCompile>
    <ClCompile Include="XBeamRateReportSpecification.cpp">
      <Filter>Source Files</Filter>
    </ClCompile>
    <ClCompile Include="XBeamRateReportSpecificationBuilder.cpp">
      <Filter>Source Files</Filter>
    </ClCompile>
    <ClCompile Include="XBeamRateTitlePageBuilder.cpp">
      <Filter>Source Files</Filter>
    </ClCompile>
    <ClCompile Include="DevLengthDetailsChapterBuilder.cpp">
      <Filter>Source Files</Filter>
    </ClCompile>
  </ItemGroup>
  <ItemGroup>
    <ClInclude Include="dllmain.h">
      <Filter>Header Files</Filter>
    </ClInclude>
    <ClInclude Include="LoadingDetailsChapterBuilder.h">
      <Filter>Header Files</Filter>
    </ClInclude>
    <ClInclude Include="LoadRatingChapterBuilder.h">
      <Filter>Header Files</Filter>
    </ClInclude>
    <ClInclude Include="LoadRatingDetailsChapterBuilder.h">
      <Filter>Header Files</Filter>
    </ClInclude>
    <ClInclude Include="MomentCapacityDetailsChapterBuilder.h">
      <Filter>Header Files</Filter>
    </ClInclude>
    <ClInclude Include="PierDescriptionDetailsChapterBuilder.h">
      <Filter>Header Files</Filter>
    </ClInclude>
    <ClInclude Include="PierReportDlg.h">
      <Filter>Header Files</Filter>
    </ClInclude>
    <ClInclude Include="RatingSummaryTable.h">
      <Filter>Header Files</Filter>
    </ClInclude>
    <ClInclude Include="ReportAgent.h">
      <Filter>Header Files</Filter>
    </ClInclude>
    <ClInclude Include="ReportAgentCLSID.h">
      <Filter>Header Files</Filter>
    </ClInclude>
    <ClInclude Include="ReportAgentImp.h">
      <Filter>Header Files</Filter>
    </ClInclude>
    <ClInclude Include="Resource.h">
      <Filter>Header Files</Filter>
    </ClInclude>
    <ClInclude Include="ShearCapacityDetailsChapterBuilder.h">
      <Filter>Header Files</Filter>
    </ClInclude>
    <ClInclude Include="XBeamRateChapterBuilder.h">
      <Filter>Header Files</Filter>
    </ClInclude>
    <ClInclude Include="XBeamRateReportBuilder.h">
      <Filter>Header Files</Filter>
    </ClInclude>
    <ClInclude Include="XBeamRateReportSpecification.h">
      <Filter>Header Files</Filter>
    </ClInclude>
    <ClInclude Include="XBeamRateReportSpecificationBuilder.h">
      <Filter>Header Files</Filter>
    </ClInclude>
    <ClInclude Include="StdAfx.h">
      <Filter>Header Files</Filter>
    </ClInclude>
    <ClInclude Include="XBeamRateTitlePageBuilder.h">
      <Filter>Header Files</Filter>
    </ClInclude>
    <ClInclude Include="DevLengthDetailsChapterBuilder.h">
      <Filter>Header Files</Filter>
    </ClInclude>
  </ItemGroup>
  <ItemGroup>
    <None Include="ReportAgent.def" />
    <None Include="ReportAgent.rgs">
      <Filter>Resource Files</Filter>
    </None>
    <None Include="ReportAgentModule.rgs">
      <Filter>Resource Files</Filter>
    </None>
  </ItemGroup>
  <ItemGroup>
    <Filter Include="Header Files">
      <UniqueIdentifier>{edc6ef0c-1ed3-4c8b-bf16-afd7089803b6}</UniqueIdentifier>
      <Extensions>h;hpp;hxx;hm;inl</Extensions>
    </Filter>
    <Filter Include="Source Files">
      <UniqueIdentifier>{cf352eff-aba4-4dec-b3fc-8cbefa8d0748}</UniqueIdentifier>
      <Extensions>cpp;c;cxx;rc;def;r;odl;idl;hpj;bat</Extensions>
    </Filter>
    <Filter Include="Resource Files">
      <UniqueIdentifier>{09ed609e-e766-44f2-9ada-7163ac256970}</UniqueIdentifier>
      <Extensions>ico;cur;bmp;dlg;rc2;rct;bin;rgs;gif;jpg;jpeg;jpe</Extensions>
    </Filter>
  </ItemGroup>
  <ItemGroup>
    <ResourceCompile Include="ReportAgent.rc">
      <Filter>Resource Files</Filter>
    </ResourceCompile>
  </ItemGroup>
</Project>